// !$*UTF8*$!
{
	archiveVersion = 1;
	classes = {
	};
	objectVersion = 46;
	objects = {

/* Begin PBXBuildFile section */
		6F5048C61765BCA60099E2AF /* Welcome.m in Sources */ = {isa = PBXBuildFile; fileRef = 6F5048C41765BCA60099E2AF /* Welcome.m */; };
		6F8B583D17649677003E4CED /* UIKit.framework in Frameworks */ = {isa = PBXBuildFile; fileRef = 6F8B583C17649677003E4CED /* UIKit.framework */; };
		6F8B583F17649677003E4CED /* Foundation.framework in Frameworks */ = {isa = PBXBuildFile; fileRef = 6F8B583E17649677003E4CED /* Foundation.framework */; };
		6F8B584117649677003E4CED /* CoreGraphics.framework in Frameworks */ = {isa = PBXBuildFile; fileRef = 6F8B584017649677003E4CED /* CoreGraphics.framework */; };
		6F8B584717649677003E4CED /* InfoPlist.strings in Resources */ = {isa = PBXBuildFile; fileRef = 6F8B584517649677003E4CED /* InfoPlist.strings */; };
		6F8B584917649677003E4CED /* main.m in Sources */ = {isa = PBXBuildFile; fileRef = 6F8B584817649677003E4CED /* main.m */; };
		6F8B584D17649677003E4CED /* AppDelegate.m in Sources */ = {isa = PBXBuildFile; fileRef = 6F8B584C17649677003E4CED /* AppDelegate.m */; };
		6F8B585017649677003E4CED /* MainStoryboard.storyboard in Resources */ = {isa = PBXBuildFile; fileRef = 6F8B584E17649677003E4CED /* MainStoryboard.storyboard */; };
		6F8B585317649677003E4CED /* ViewController.m in Sources */ = {isa = PBXBuildFile; fileRef = 6F8B585217649677003E4CED /* ViewController.m */; };
/* End PBXBuildFile section */

/* Begin PBXFileReference section */
		6F5048C31765BCA60099E2AF /* Welcome.h */ = {isa = PBXFileReference; fileEncoding = 4; lastKnownFileType = sourcecode.c.h; path = Welcome.h; sourceTree = "<group>"; };
		6F5048C41765BCA60099E2AF /* Welcome.m */ = {isa = PBXFileReference; fileEncoding = 4; lastKnownFileType = sourcecode.c.objc; path = Welcome.m; sourceTree = "<group>"; };
		6F8B583817649677003E4CED /* AsapPics.app */ = {isa = PBXFileReference; explicitFileType = wrapper.application; includeInIndex = 0; path = AsapPics.app; sourceTree = BUILT_PRODUCTS_DIR; };
		6F8B583C17649677003E4CED /* UIKit.framework */ = {isa = PBXFileReference; lastKnownFileType = wrapper.framework; name = UIKit.framework; path = System/Library/Frameworks/UIKit.framework; sourceTree = SDKROOT; };
		6F8B583E17649677003E4CED /* Foundation.framework */ = {isa = PBXFileReference; lastKnownFileType = wrapper.framework; name = Foundation.framework; path = System/Library/Frameworks/Foundation.framework; sourceTree = SDKROOT; };
		6F8B584017649677003E4CED /* CoreGraphics.framework */ = {isa = PBXFileReference; lastKnownFileType = wrapper.framework; name = CoreGraphics.framework; path = System/Library/Frameworks/CoreGraphics.framework; sourceTree = SDKROOT; };
		6F8B584417649677003E4CED /* AsapPics-Info.plist */ = {isa = PBXFileReference; lastKnownFileType = text.plist.xml; path = "AsapPics-Info.plist"; sourceTree = "<group>"; };
		6F8B584617649677003E4CED /* en */ = {isa = PBXFileReference; lastKnownFileType = text.plist.strings; name = en; path = en.lproj/InfoPlist.strings; sourceTree = "<group>"; };
		6F8B584817649677003E4CED /* main.m */ = {isa = PBXFileReference; lastKnownFileType = sourcecode.c.objc; path = main.m; sourceTree = "<group>"; };
		6F8B584A17649677003E4CED /* AsapPics-Prefix.pch */ = {isa = PBXFileReference; lastKnownFileType = sourcecode.c.h; path = "AsapPics-Prefix.pch"; sourceTree = "<group>"; };
		6F8B584B17649677003E4CED /* AppDelegate.h */ = {isa = PBXFileReference; lastKnownFileType = sourcecode.c.h; path = AppDelegate.h; sourceTree = "<group>"; };
		6F8B584C17649677003E4CED /* AppDelegate.m */ = {isa = PBXFileReference; lastKnownFileType = sourcecode.c.objc; path = AppDelegate.m; sourceTree = "<group>"; };
		6F8B584F17649677003E4CED /* en */ = {isa = PBXFileReference; lastKnownFileType = file.storyboard; name = en; path = en.lproj/MainStoryboard.storyboard; sourceTree = "<group>"; };
		6F8B585117649677003E4CED /* ViewController.h */ = {isa = PBXFileReference; lastKnownFileType = sourcecode.c.h; path = ViewController.h; sourceTree = "<group>"; };
		6F8B585217649677003E4CED /* ViewController.m */ = {isa = PBXFileReference; lastKnownFileType = sourcecode.c.objc; path = ViewController.m; sourceTree = "<group>"; };
/* End PBXFileReference section */

/* Begin PBXFrameworksBuildPhase section */
		6F8B583517649677003E4CED /* Frameworks */ = {
			isa = PBXFrameworksBuildPhase;
			buildActionMask = 2147483647;
			files = (
				6F8B583D17649677003E4CED /* UIKit.framework in Frameworks */,
				6F8B583F17649677003E4CED /* Foundation.framework in Frameworks */,
				6F8B584117649677003E4CED /* CoreGraphics.framework in Frameworks */,
			);
			runOnlyForDeploymentPostprocessing = 0;
		};
/* End PBXFrameworksBuildPhase section */

/* Begin PBXGroup section */
		6F8B582D17649677003E4CED = {
			isa = PBXGroup;
			children = (
				6F8B584217649677003E4CED /* AsapPics */,
				6F8B583B17649677003E4CED /* Frameworks */,
				6F8B583917649677003E4CED /* Products */,
			);
			sourceTree = "<group>";
		};
		6F8B583917649677003E4CED /* Products */ = {
			isa = PBXGroup;
			children = (
				6F8B583817649677003E4CED /* AsapPics.app */,
			);
			name = Products;
			sourceTree = "<group>";
		};
		6F8B583B17649677003E4CED /* Frameworks */ = {
			isa = PBXGroup;
			children = (
				6F8B583C17649677003E4CED /* UIKit.framework */,
				6F8B583E17649677003E4CED /* Foundation.framework */,
				6F8B584017649677003E4CED /* CoreGraphics.framework */,
			);
			name = Frameworks;
			sourceTree = "<group>";
		};
		6F8B584217649677003E4CED /* AsapPics */ = {
			isa = PBXGroup;
			children = (
				6F8B584B17649677003E4CED /* AppDelegate.h */,
				6F8B584C17649677003E4CED /* AppDelegate.m */,
				6F8B584E17649677003E4CED /* MainStoryboard.storyboard */,
				6F5048C31765BCA60099E2AF /* Welcome.h */,
				6F5048C41765BCA60099E2AF /* Welcome.m */,
				6F8B585117649677003E4CED /* ViewController.h */,
				6F8B585217649677003E4CED /* ViewController.m */,
				6F8B584317649677003E4CED /* Supporting Files */,
			);
			path = AsapPics;
			sourceTree = "<group>";
		};
		6F8B584317649677003E4CED /* Supporting Files */ = {
			isa = PBXGroup;
			children = (
				6F8B584417649677003E4CED /* AsapPics-Info.plist */,
				6F8B584517649677003E4CED /* InfoPlist.strings */,
				6F8B584817649677003E4CED /* main.m */,
				6F8B584A17649677003E4CED /* AsapPics-Prefix.pch */,
			);
			name = "Supporting Files";
			sourceTree = "<group>";
		};
/* End PBXGroup section */

/* Begin PBXNativeTarget section */
		6F8B583717649677003E4CED /* AsapPics */ = {
			isa = PBXNativeTarget;
			buildConfigurationList = 6F8B585617649677003E4CED /* Build configuration list for PBXNativeTarget "AsapPics" */;
			buildPhases = (
				6F8B583417649677003E4CED /* Sources */,
				6F8B583517649677003E4CED /* Frameworks */,
				6F8B583617649677003E4CED /* Resources */,
			);
			buildRules = (
			);
			dependencies = (
			);
			name = AsapPics;
			productName = AsapPics;
			productReference = 6F8B583817649677003E4CED /* AsapPics.app */;
			productType = "com.apple.product-type.application";
		};
/* End PBXNativeTarget section */

/* Begin PBXProject section */
		6F8B582F17649677003E4CED /* Project object */ = {
			isa = PBXProject;
			attributes = {
				LastUpgradeCheck = 0420;
				ORGANIZATIONNAME = polytech;
			};
			buildConfigurationList = 6F8B583217649677003E4CED /* Build configuration list for PBXProject "AsapPics" */;
			compatibilityVersion = "Xcode 3.2";
			developmentRegion = English;
			hasScannedForEncodings = 0;
			knownRegions = (
				en,
			);
			mainGroup = 6F8B582D17649677003E4CED;
			productRefGroup = 6F8B583917649677003E4CED /* Products */;
			projectDirPath = "";
			projectRoot = "";
			targets = (
				6F8B583717649677003E4CED /* AsapPics */,
			);
		};
/* End PBXProject section */

/* Begin PBXResourcesBuildPhase section */
		6F8B583617649677003E4CED /* Resources */ = {
			isa = PBXResourcesBuildPhase;
			buildActionMask = 2147483647;
			files = (
				6F8B584717649677003E4CED /* InfoPlist.strings in Resources */,
				6F8B585017649677003E4CED /* MainStoryboard.storyboard in Resources */,
			);
			runOnlyForDeploymentPostprocessing = 0;
		};
/* End PBXResourcesBuildPhase section */

/* Begin PBXSourcesBuildPhase section */
		6F8B583417649677003E4CED /* Sources */ = {
			isa = PBXSourcesBuildPhase;
			buildActionMask = 2147483647;
			files = (
				6F8B584917649677003E4CED /* main.m in Sources */,
				6F8B584D17649677003E4CED /* AppDelegate.m in Sources */,
				6F8B585317649677003E4CED /* ViewController.m in Sources */,
				6F5048C61765BCA60099E2AF /* Welcome.m in Sources */,
			);
			runOnlyForDeploymentPostprocessing = 0;
		};
/* End PBXSourcesBuildPhase section */

/* Begin PBXVariantGroup section */
		6F8B584517649677003E4CED /* InfoPlist.strings */ = {
			isa = PBXVariantGroup;
			children = (
				6F8B584617649677003E4CED /* en */,
			);
			name = InfoPlist.strings;
			sourceTree = "<group>";
		};
		6F8B584E17649677003E4CED /* MainStoryboard.storyboard */ = {
			isa = PBXVariantGroup;
			children = (
				6F8B584F17649677003E4CED /* en */,
			);
			name = MainStoryboard.storyboard;
			sourceTree = "<group>";
		};
/* End PBXVariantGroup section */

/* Begin XCBuildConfiguration section */
		6F8B585417649677003E4CED /* Debug */ = {
			isa = XCBuildConfiguration;
			buildSettings = {
				ALWAYS_SEARCH_USER_PATHS = NO;
				ARCHS = "$(ARCHS_STANDARD_32_BIT)";
				CLANG_ENABLE_OBJC_ARC = YES;
				"CODE_SIGN_IDENTITY[sdk=iphoneos*]" = "iPhone Developer";
				COPY_PHASE_STRIP = NO;
				GCC_C_LANGUAGE_STANDARD = gnu99;
				GCC_DYNAMIC_NO_PIC = NO;
				GCC_OPTIMIZATION_LEVEL = 0;
				GCC_PREPROCESSOR_DEFINITIONS = (
					"DEBUG=1",
					"$(inherited)",
				);
				GCC_SYMBOLS_PRIVATE_EXTERN = NO;
				GCC_VERSION = com.apple.compilers.llvm.clang.1_0;
				GCC_WARN_ABOUT_MISSING_PROTOTYPES = YES;
				GCC_WARN_ABOUT_RETURN_TYPE = YES;
				GCC_WARN_UNUSED_VARIABLE = YES;
				IPHONEOS_DEPLOYMENT_TARGET = 5.0;
				SDKROOT = iphoneos;
			};
			name = Debug;
		};
		6F8B585517649677003E4CED /* Release */ = {
			isa = XCBuildConfiguration;
			buildSettings = {
				ALWAYS_SEARCH_USER_PATHS = NO;
				ARCHS = "$(ARCHS_STANDARD_32_BIT)";
				CLANG_ENABLE_OBJC_ARC = YES;
				"CODE_SIGN_IDENTITY[sdk=iphoneos*]" = "iPhone Developer";
				COPY_PHASE_STRIP = YES;
				GCC_C_LANGUAGE_STANDARD = gnu99;
				GCC_VERSION = com.apple.compilers.llvm.clang.1_0;
				GCC_WARN_ABOUT_MISSING_PROTOTYPES = YES;
				GCC_WARN_ABOUT_RETURN_TYPE = YES;
				GCC_WARN_UNUSED_VARIABLE = YES;
				IPHONEOS_DEPLOYMENT_TARGET = 5.0;
				OTHER_CFLAGS = "-DNS_BLOCK_ASSERTIONS=1";
				SDKROOT = iphoneos;
				VALIDATE_PRODUCT = YES;
			};
			name = Release;
		};
		6F8B585717649677003E4CED /* Debug */ = {
			isa = XCBuildConfiguration;
			buildSettings = {
				GCC_PRECOMPILE_PREFIX_HEADER = YES;
				GCC_PREFIX_HEADER = "AsapPics/AsapPics-Prefix.pch";
				INFOPLIST_FILE = "AsapPics/AsapPics-Info.plist";
				PRODUCT_NAME = "$(TARGET_NAME)";
				WRAPPER_EXTENSION = app;
			};
			name = Debug;
		};
		6F8B585817649677003E4CED /* Release */ = {
			isa = XCBuildConfiguration;
			buildSettings = {
				GCC_PRECOMPILE_PREFIX_HEADER = YES;
				GCC_PREFIX_HEADER = "AsapPics/AsapPics-Prefix.pch";
				INFOPLIST_FILE = "AsapPics/AsapPics-Info.plist";
				PRODUCT_NAME = "$(TARGET_NAME)";
				WRAPPER_EXTENSION = app;
			};
			name = Release;
		};
/* End XCBuildConfiguration section */

/* Begin XCConfigurationList section */
		6F8B583217649677003E4CED /* Build configuration list for PBXProject "AsapPics" */ = {
			isa = XCConfigurationList;
			buildConfigurations = (
				6F8B585417649677003E4CED /* Debug */,
				6F8B585517649677003E4CED /* Release */,
			);
			defaultConfigurationIsVisible = 0;
			defaultConfigurationName = Release;
		};
		6F8B585617649677003E4CED /* Build configuration list for PBXNativeTarget "AsapPics" */ = {
			isa = XCConfigurationList;
			buildConfigurations = (
				6F8B585717649677003E4CED /* Debug */,
				6F8B585817649677003E4CED /* Release */,
			);
			defaultConfigurationIsVisible = 0;
			defaultConfigurationName = Release;
		};
/* End XCConfigurationList section */
	};
	rootObject = 6F8B582F17649677003E4CED /* Project object */;
}
