// !$*UTF8*$!
{
	archiveVersion = 1;
	classes = {
	};
	objectVersion = 46;
	objects = {

/* Begin PBXBuildFile section */
		6F1B04F71768AD20007A9C6D /* background.jpg in Resources */ = {isa = PBXBuildFile; fileRef = 6F1B04F01768AD20007A9C6D /* background.jpg */; };
		6F1B04F81768AD20007A9C6D /* Inscription.m in Sources */ = {isa = PBXBuildFile; fileRef = 6F1B04F21768AD20007A9C6D /* Inscription.m */; };
		6F1B04F91768AD20007A9C6D /* Reachability.m in Sources */ = {isa = PBXBuildFile; fileRef = 6F1B04F41768AD20007A9C6D /* Reachability.m */; };
		6F1B04FA1768AD20007A9C6D /* Utils.m in Sources */ = {isa = PBXBuildFile; fileRef = 6F1B04F61768AD20007A9C6D /* Utils.m */; };
		6F1B04FF1768AD75007A9C6D /* SystemConfiguration.framework in Frameworks */ = {isa = PBXBuildFile; fileRef = 6F1B04FE1768AD75007A9C6D /* SystemConfiguration.framework */; };
		6F5048C61765BCA60099E2AF /* Welcome.m in Sources */ = {isa = PBXBuildFile; fileRef = 6F5048C41765BCA60099E2AF /* Welcome.m */; };
		6F7A87121765F4970067C1F6 /* PhotoChooser.m in Sources */ = {isa = PBXBuildFile; fileRef = 6F7A87111765F4970067C1F6 /* PhotoChooser.m */; };
		6F7E1887176AF40500EC5ABB /* AlbumService.m in Sources */ = {isa = PBXBuildFile; fileRef = 6F7E1880176AF40500EC5ABB /* AlbumService.m */; };
		6F7E1888176AF40500EC5ABB /* ImageService.m in Sources */ = {isa = PBXBuildFile; fileRef = 6F7E1882176AF40500EC5ABB /* ImageService.m */; };
		6F7E1889176AF40500EC5ABB /* UserService.m in Sources */ = {isa = PBXBuildFile; fileRef = 6F7E1884176AF40500EC5ABB /* UserService.m */; };
		6F7E188A176AF40500EC5ABB /* WebServiceManager.m in Sources */ = {isa = PBXBuildFile; fileRef = 6F7E1886176AF40500EC5ABB /* WebServiceManager.m */; };
		6F80D4D21768C68A00AC4121 /* AlbumsViewController.m in Sources */ = {isa = PBXBuildFile; fileRef = 6F80D4D11768C68A00AC4121 /* AlbumsViewController.m */; };
		6F8B583D17649677003E4CED /* UIKit.framework in Frameworks */ = {isa = PBXBuildFile; fileRef = 6F8B583C17649677003E4CED /* UIKit.framework */; };
		6F8B583F17649677003E4CED /* Foundation.framework in Frameworks */ = {isa = PBXBuildFile; fileRef = 6F8B583E17649677003E4CED /* Foundation.framework */; };
		6F8B584117649677003E4CED /* CoreGraphics.framework in Frameworks */ = {isa = PBXBuildFile; fileRef = 6F8B584017649677003E4CED /* CoreGraphics.framework */; };
		6F8B584717649677003E4CED /* InfoPlist.strings in Resources */ = {isa = PBXBuildFile; fileRef = 6F8B584517649677003E4CED /* InfoPlist.strings */; };
		6F8B584917649677003E4CED /* main.m in Sources */ = {isa = PBXBuildFile; fileRef = 6F8B584817649677003E4CED /* main.m */; };
		6F8B584D17649677003E4CED /* AppDelegate.m in Sources */ = {isa = PBXBuildFile; fileRef = 6F8B584C17649677003E4CED /* AppDelegate.m */; };
		6F8B585017649677003E4CED /* MainStoryboard.storyboard in Resources */ = {isa = PBXBuildFile; fileRef = 6F8B584E17649677003E4CED /* MainStoryboard.storyboard */; };
		6F9858E51769B507004CE135 /* User.m in Sources */ = {isa = PBXBuildFile; fileRef = 6F9858E41769B507004CE135 /* User.m */; };
		6FA07DAD17674264002F2AA3 /* KTPhotoBrowser.bundle in Resources */ = {isa = PBXBuildFile; fileRef = 6FA07D9F17674264002F2AA3 /* KTPhotoBrowser.bundle */; };
		6FA07DAE17674264002F2AA3 /* KTPhotoBrowserGlobal.m in Sources */ = {isa = PBXBuildFile; fileRef = 6FA07DA217674264002F2AA3 /* KTPhotoBrowserGlobal.m */; };
		6FA07DAF17674264002F2AA3 /* KTPhotoScrollViewController.m in Sources */ = {isa = PBXBuildFile; fileRef = 6FA07DA417674264002F2AA3 /* KTPhotoScrollViewController.m */; };
		6FA07DB017674264002F2AA3 /* KTPhotoView.m in Sources */ = {isa = PBXBuildFile; fileRef = 6FA07DA617674264002F2AA3 /* KTPhotoView.m */; };
		6FA07DB117674264002F2AA3 /* KTThumbsView.m in Sources */ = {isa = PBXBuildFile; fileRef = 6FA07DA817674264002F2AA3 /* KTThumbsView.m */; };
		6FA07DB217674264002F2AA3 /* KTThumbsViewController.m in Sources */ = {isa = PBXBuildFile; fileRef = 6FA07DAA17674264002F2AA3 /* KTThumbsViewController.m */; };
		6FA07DB317674264002F2AA3 /* KTThumbView.m in Sources */ = {isa = PBXBuildFile; fileRef = 6FA07DAC17674264002F2AA3 /* KTThumbView.m */; };
		6FA07DCD1767426E002F2AA3 /* KTPhotoView+SDWebImage.m in Sources */ = {isa = PBXBuildFile; fileRef = 6FA07DB71767426E002F2AA3 /* KTPhotoView+SDWebImage.m */; };
		6FA07DCE1767426E002F2AA3 /* KTThumbView+SDWebImage.m in Sources */ = {isa = PBXBuildFile; fileRef = 6FA07DB91767426E002F2AA3 /* KTThumbView+SDWebImage.m */; };
		6FA07DCF1767426E002F2AA3 /* photoDefault.png in Resources */ = {isa = PBXBuildFile; fileRef = 6FA07DBA1767426E002F2AA3 /* photoDefault.png */; };
		6FA07DD01767426E002F2AA3 /* LICENSE in Resources */ = {isa = PBXBuildFile; fileRef = 6FA07DBC1767426E002F2AA3 /* LICENSE */; };
		6FA07DD11767426E002F2AA3 /* README.md in Resources */ = {isa = PBXBuildFile; fileRef = 6FA07DBD1767426E002F2AA3 /* README.md */; };
		6FA07DD21767426E002F2AA3 /* SDImageCache.m in Sources */ = {isa = PBXBuildFile; fileRef = 6FA07DBF1767426E002F2AA3 /* SDImageCache.m */; };
		6FA07DD31767426E002F2AA3 /* SDWebImageDownloader.m in Sources */ = {isa = PBXBuildFile; fileRef = 6FA07DC21767426E002F2AA3 /* SDWebImageDownloader.m */; };
		6FA07DD41767426E002F2AA3 /* SDWebImageManager.m in Sources */ = {isa = PBXBuildFile; fileRef = 6FA07DC51767426E002F2AA3 /* SDWebImageManager.m */; };
		6FA07DD51767426E002F2AA3 /* UIImageView+WebCache.m in Sources */ = {isa = PBXBuildFile; fileRef = 6FA07DC81767426E002F2AA3 /* UIImageView+WebCache.m */; };
		6FA07DD61767426E002F2AA3 /* SDWebImageDataSource.m in Sources */ = {isa = PBXBuildFile; fileRef = 6FA07DCA1767426E002F2AA3 /* SDWebImageDataSource.m */; };
		6FA07DD71767426E002F2AA3 /* SDWebImageRootViewController.m in Sources */ = {isa = PBXBuildFile; fileRef = 6FA07DCC1767426E002F2AA3 /* SDWebImageRootViewController.m */; };
		6FCEA6E9176A0B4300912D63 /* Image.m in Sources */ = {isa = PBXBuildFile; fileRef = 6FCEA6E8176A0B4300912D63 /* Image.m */; };
		6FCEA6ED176A104900912D63 /* AlbumsDataSource.m in Sources */ = {isa = PBXBuildFile; fileRef = 6FCEA6EC176A104800912D63 /* AlbumsDataSource.m */; };
		6FCEA6F0176A175B00912D63 /* Album.m in Sources */ = {isa = PBXBuildFile; fileRef = 6FCEA6EF176A175B00912D63 /* Album.m */; };
/* End PBXBuildFile section */

/* Begin PBXFileReference section */
		6F1B04F01768AD20007A9C6D /* background.jpg */ = {isa = PBXFileReference; lastKnownFileType = image.jpeg; path = background.jpg; sourceTree = "<group>"; };
		6F1B04F11768AD20007A9C6D /* Inscription.h */ = {isa = PBXFileReference; fileEncoding = 4; lastKnownFileType = sourcecode.c.h; path = Inscription.h; sourceTree = "<group>"; };
		6F1B04F21768AD20007A9C6D /* Inscription.m */ = {isa = PBXFileReference; fileEncoding = 4; lastKnownFileType = sourcecode.c.objc; path = Inscription.m; sourceTree = "<group>"; };
		6F1B04F31768AD20007A9C6D /* Reachability.h */ = {isa = PBXFileReference; fileEncoding = 4; lastKnownFileType = sourcecode.c.h; path = Reachability.h; sourceTree = "<group>"; };
		6F1B04F41768AD20007A9C6D /* Reachability.m */ = {isa = PBXFileReference; fileEncoding = 4; lastKnownFileType = sourcecode.c.objc; path = Reachability.m; sourceTree = "<group>"; };
		6F1B04F51768AD20007A9C6D /* Utils.h */ = {isa = PBXFileReference; fileEncoding = 4; lastKnownFileType = sourcecode.c.h; path = Utils.h; sourceTree = "<group>"; };
		6F1B04F61768AD20007A9C6D /* Utils.m */ = {isa = PBXFileReference; fileEncoding = 4; lastKnownFileType = sourcecode.c.objc; path = Utils.m; sourceTree = "<group>"; };
		6F1B04FE1768AD75007A9C6D /* SystemConfiguration.framework */ = {isa = PBXFileReference; lastKnownFileType = wrapper.framework; name = SystemConfiguration.framework; path = System/Library/Frameworks/SystemConfiguration.framework; sourceTree = SDKROOT; };
		6F5048C31765BCA60099E2AF /* Welcome.h */ = {isa = PBXFileReference; fileEncoding = 4; lastKnownFileType = sourcecode.c.h; path = Welcome.h; sourceTree = "<group>"; };
		6F5048C41765BCA60099E2AF /* Welcome.m */ = {isa = PBXFileReference; fileEncoding = 4; lastKnownFileType = sourcecode.c.objc; path = Welcome.m; sourceTree = "<group>"; };
		6F7A87101765F4970067C1F6 /* PhotoChooser.h */ = {isa = PBXFileReference; fileEncoding = 4; lastKnownFileType = sourcecode.c.h; path = PhotoChooser.h; sourceTree = "<group>"; };
		6F7A87111765F4970067C1F6 /* PhotoChooser.m */ = {isa = PBXFileReference; fileEncoding = 4; lastKnownFileType = sourcecode.c.objc; path = PhotoChooser.m; sourceTree = "<group>"; };
		6F7E187F176AF40500EC5ABB /* AlbumService.h */ = {isa = PBXFileReference; fileEncoding = 4; lastKnownFileType = sourcecode.c.h; path = AlbumService.h; sourceTree = "<group>"; };
		6F7E1880176AF40500EC5ABB /* AlbumService.m */ = {isa = PBXFileReference; fileEncoding = 4; lastKnownFileType = sourcecode.c.objc; path = AlbumService.m; sourceTree = "<group>"; };
		6F7E1881176AF40500EC5ABB /* ImageService.h */ = {isa = PBXFileReference; fileEncoding = 4; lastKnownFileType = sourcecode.c.h; path = ImageService.h; sourceTree = "<group>"; };
		6F7E1882176AF40500EC5ABB /* ImageService.m */ = {isa = PBXFileReference; fileEncoding = 4; lastKnownFileType = sourcecode.c.objc; path = ImageService.m; sourceTree = "<group>"; };
		6F7E1883176AF40500EC5ABB /* UserService.h */ = {isa = PBXFileReference; fileEncoding = 4; lastKnownFileType = sourcecode.c.h; path = UserService.h; sourceTree = "<group>"; };
		6F7E1884176AF40500EC5ABB /* UserService.m */ = {isa = PBXFileReference; fileEncoding = 4; lastKnownFileType = sourcecode.c.objc; path = UserService.m; sourceTree = "<group>"; };
		6F7E1885176AF40500EC5ABB /* WebServiceManager.h */ = {isa = PBXFileReference; fileEncoding = 4; lastKnownFileType = sourcecode.c.h; path = WebServiceManager.h; sourceTree = "<group>"; };
		6F7E1886176AF40500EC5ABB /* WebServiceManager.m */ = {isa = PBXFileReference; fileEncoding = 4; lastKnownFileType = sourcecode.c.objc; path = WebServiceManager.m; sourceTree = "<group>"; };
		6F80D4D01768C68A00AC4121 /* AlbumsViewController.h */ = {isa = PBXFileReference; fileEncoding = 4; lastKnownFileType = sourcecode.c.h; path = AlbumsViewController.h; sourceTree = "<group>"; };
		6F80D4D11768C68A00AC4121 /* AlbumsViewController.m */ = {isa = PBXFileReference; fileEncoding = 4; lastKnownFileType = sourcecode.c.objc; path = AlbumsViewController.m; sourceTree = "<group>"; };
		6F8B583817649677003E4CED /* AsapPics.app */ = {isa = PBXFileReference; explicitFileType = wrapper.application; includeInIndex = 0; path = AsapPics.app; sourceTree = BUILT_PRODUCTS_DIR; };
		6F8B583C17649677003E4CED /* UIKit.framework */ = {isa = PBXFileReference; lastKnownFileType = wrapper.framework; name = UIKit.framework; path = System/Library/Frameworks/UIKit.framework; sourceTree = SDKROOT; };
		6F8B583E17649677003E4CED /* Foundation.framework */ = {isa = PBXFileReference; lastKnownFileType = wrapper.framework; name = Foundation.framework; path = System/Library/Frameworks/Foundation.framework; sourceTree = SDKROOT; };
		6F8B584017649677003E4CED /* CoreGraphics.framework */ = {isa = PBXFileReference; lastKnownFileType = wrapper.framework; name = CoreGraphics.framework; path = System/Library/Frameworks/CoreGraphics.framework; sourceTree = SDKROOT; };
		6F8B584417649677003E4CED /* AsapPics-Info.plist */ = {isa = PBXFileReference; lastKnownFileType = text.plist.xml; path = "AsapPics-Info.plist"; sourceTree = "<group>"; };
		6F8B584617649677003E4CED /* en */ = {isa = PBXFileReference; lastKnownFileType = text.plist.strings; name = en; path = en.lproj/InfoPlist.strings; sourceTree = "<group>"; };
		6F8B584817649677003E4CED /* main.m */ = {isa = PBXFileReference; lastKnownFileType = sourcecode.c.objc; path = main.m; sourceTree = "<group>"; };
		6F8B584A17649677003E4CED /* AsapPics-Prefix.pch */ = {isa = PBXFileReference; lastKnownFileType = sourcecode.c.h; path = "AsapPics-Prefix.pch"; sourceTree = "<group>"; };
		6F8B584B17649677003E4CED /* AppDelegate.h */ = {isa = PBXFileReference; lastKnownFileType = sourcecode.c.h; path = AppDelegate.h; sourceTree = "<group>"; };
		6F8B584C17649677003E4CED /* AppDelegate.m */ = {isa = PBXFileReference; lastKnownFileType = sourcecode.c.objc; path = AppDelegate.m; sourceTree = "<group>"; };
		6F8B584F17649677003E4CED /* en */ = {isa = PBXFileReference; lastKnownFileType = file.storyboard; name = en; path = en.lproj/MainStoryboard.storyboard; sourceTree = "<group>"; };
		6F9858E31769B507004CE135 /* User.h */ = {isa = PBXFileReference; fileEncoding = 4; lastKnownFileType = sourcecode.c.h; path = User.h; sourceTree = "<group>"; };
		6F9858E41769B507004CE135 /* User.m */ = {isa = PBXFileReference; fileEncoding = 4; lastKnownFileType = sourcecode.c.objc; path = User.m; sourceTree = "<group>"; };
		6FA07D9F17674264002F2AA3 /* KTPhotoBrowser.bundle */ = {isa = PBXFileReference; lastKnownFileType = "wrapper.plug-in"; path = KTPhotoBrowser.bundle; sourceTree = "<group>"; };
		6FA07DA017674264002F2AA3 /* KTPhotoBrowserDataSource.h */ = {isa = PBXFileReference; fileEncoding = 4; lastKnownFileType = sourcecode.c.h; path = KTPhotoBrowserDataSource.h; sourceTree = "<group>"; };
		6FA07DA117674264002F2AA3 /* KTPhotoBrowserGlobal.h */ = {isa = PBXFileReference; fileEncoding = 4; lastKnownFileType = sourcecode.c.h; path = KTPhotoBrowserGlobal.h; sourceTree = "<group>"; };
		6FA07DA217674264002F2AA3 /* KTPhotoBrowserGlobal.m */ = {isa = PBXFileReference; fileEncoding = 4; lastKnownFileType = sourcecode.c.objc; path = KTPhotoBrowserGlobal.m; sourceTree = "<group>"; };
		6FA07DA317674264002F2AA3 /* KTPhotoScrollViewController.h */ = {isa = PBXFileReference; fileEncoding = 4; lastKnownFileType = sourcecode.c.h; path = KTPhotoScrollViewController.h; sourceTree = "<group>"; };
		6FA07DA417674264002F2AA3 /* KTPhotoScrollViewController.m */ = {isa = PBXFileReference; fileEncoding = 4; lastKnownFileType = sourcecode.c.objc; path = KTPhotoScrollViewController.m; sourceTree = "<group>"; };
		6FA07DA517674264002F2AA3 /* KTPhotoView.h */ = {isa = PBXFileReference; fileEncoding = 4; lastKnownFileType = sourcecode.c.h; path = KTPhotoView.h; sourceTree = "<group>"; };
		6FA07DA617674264002F2AA3 /* KTPhotoView.m */ = {isa = PBXFileReference; fileEncoding = 4; lastKnownFileType = sourcecode.c.objc; path = KTPhotoView.m; sourceTree = "<group>"; };
		6FA07DA717674264002F2AA3 /* KTThumbsView.h */ = {isa = PBXFileReference; fileEncoding = 4; lastKnownFileType = sourcecode.c.h; path = KTThumbsView.h; sourceTree = "<group>"; };
		6FA07DA817674264002F2AA3 /* KTThumbsView.m */ = {isa = PBXFileReference; fileEncoding = 4; lastKnownFileType = sourcecode.c.objc; path = KTThumbsView.m; sourceTree = "<group>"; };
		6FA07DA917674264002F2AA3 /* KTThumbsViewController.h */ = {isa = PBXFileReference; fileEncoding = 4; lastKnownFileType = sourcecode.c.h; path = KTThumbsViewController.h; sourceTree = "<group>"; };
		6FA07DAA17674264002F2AA3 /* KTThumbsViewController.m */ = {isa = PBXFileReference; fileEncoding = 4; lastKnownFileType = sourcecode.c.objc; path = KTThumbsViewController.m; sourceTree = "<group>"; };
		6FA07DAB17674264002F2AA3 /* KTThumbView.h */ = {isa = PBXFileReference; fileEncoding = 4; lastKnownFileType = sourcecode.c.h; path = KTThumbView.h; sourceTree = "<group>"; };
		6FA07DAC17674264002F2AA3 /* KTThumbView.m */ = {isa = PBXFileReference; fileEncoding = 4; lastKnownFileType = sourcecode.c.objc; path = KTThumbView.m; sourceTree = "<group>"; };
		6FA07DB61767426E002F2AA3 /* KTPhotoView+SDWebImage.h */ = {isa = PBXFileReference; fileEncoding = 4; lastKnownFileType = sourcecode.c.h; path = "KTPhotoView+SDWebImage.h"; sourceTree = "<group>"; };
		6FA07DB71767426E002F2AA3 /* KTPhotoView+SDWebImage.m */ = {isa = PBXFileReference; fileEncoding = 4; lastKnownFileType = sourcecode.c.objc; path = "KTPhotoView+SDWebImage.m"; sourceTree = "<group>"; };
		6FA07DB81767426E002F2AA3 /* KTThumbView+SDWebImage.h */ = {isa = PBXFileReference; fileEncoding = 4; lastKnownFileType = sourcecode.c.h; path = "KTThumbView+SDWebImage.h"; sourceTree = "<group>"; };
		6FA07DB91767426E002F2AA3 /* KTThumbView+SDWebImage.m */ = {isa = PBXFileReference; fileEncoding = 4; lastKnownFileType = sourcecode.c.objc; path = "KTThumbView+SDWebImage.m"; sourceTree = "<group>"; };
		6FA07DBA1767426E002F2AA3 /* photoDefault.png */ = {isa = PBXFileReference; lastKnownFileType = image.png; path = photoDefault.png; sourceTree = "<group>"; };
		6FA07DBC1767426E002F2AA3 /* LICENSE */ = {isa = PBXFileReference; fileEncoding = 4; lastKnownFileType = text; path = LICENSE; sourceTree = "<group>"; };
		6FA07DBD1767426E002F2AA3 /* README.md */ = {isa = PBXFileReference; fileEncoding = 4; lastKnownFileType = text; path = README.md; sourceTree = "<group>"; };
		6FA07DBE1767426E002F2AA3 /* SDImageCache.h */ = {isa = PBXFileReference; fileEncoding = 4; lastKnownFileType = sourcecode.c.h; path = SDImageCache.h; sourceTree = "<group>"; };
		6FA07DBF1767426E002F2AA3 /* SDImageCache.m */ = {isa = PBXFileReference; fileEncoding = 4; lastKnownFileType = sourcecode.c.objc; path = SDImageCache.m; sourceTree = "<group>"; };
		6FA07DC01767426E002F2AA3 /* SDImageCacheDelegate.h */ = {isa = PBXFileReference; fileEncoding = 4; lastKnownFileType = sourcecode.c.h; path = SDImageCacheDelegate.h; sourceTree = "<group>"; };
		6FA07DC11767426E002F2AA3 /* SDWebImageDownloader.h */ = {isa = PBXFileReference; fileEncoding = 4; lastKnownFileType = sourcecode.c.h; path = SDWebImageDownloader.h; sourceTree = "<group>"; };
		6FA07DC21767426E002F2AA3 /* SDWebImageDownloader.m */ = {isa = PBXFileReference; fileEncoding = 4; lastKnownFileType = sourcecode.c.objc; path = SDWebImageDownloader.m; sourceTree = "<group>"; };
		6FA07DC31767426E002F2AA3 /* SDWebImageDownloaderDelegate.h */ = {isa = PBXFileReference; fileEncoding = 4; lastKnownFileType = sourcecode.c.h; path = SDWebImageDownloaderDelegate.h; sourceTree = "<group>"; };
		6FA07DC41767426E002F2AA3 /* SDWebImageManager.h */ = {isa = PBXFileReference; fileEncoding = 4; lastKnownFileType = sourcecode.c.h; path = SDWebImageManager.h; sourceTree = "<group>"; };
		6FA07DC51767426E002F2AA3 /* SDWebImageManager.m */ = {isa = PBXFileReference; fileEncoding = 4; lastKnownFileType = sourcecode.c.objc; path = SDWebImageManager.m; sourceTree = "<group>"; };
		6FA07DC61767426E002F2AA3 /* SDWebImageManagerDelegate.h */ = {isa = PBXFileReference; fileEncoding = 4; lastKnownFileType = sourcecode.c.h; path = SDWebImageManagerDelegate.h; sourceTree = "<group>"; };
		6FA07DC71767426E002F2AA3 /* UIImageView+WebCache.h */ = {isa = PBXFileReference; fileEncoding = 4; lastKnownFileType = sourcecode.c.h; path = "UIImageView+WebCache.h"; sourceTree = "<group>"; };
		6FA07DC81767426E002F2AA3 /* UIImageView+WebCache.m */ = {isa = PBXFileReference; fileEncoding = 4; lastKnownFileType = sourcecode.c.objc; path = "UIImageView+WebCache.m"; sourceTree = "<group>"; };
		6FA07DC91767426E002F2AA3 /* SDWebImageDataSource.h */ = {isa = PBXFileReference; fileEncoding = 4; lastKnownFileType = sourcecode.c.h; path = SDWebImageDataSource.h; sourceTree = "<group>"; };
		6FA07DCA1767426E002F2AA3 /* SDWebImageDataSource.m */ = {isa = PBXFileReference; fileEncoding = 4; lastKnownFileType = sourcecode.c.objc; path = SDWebImageDataSource.m; sourceTree = "<group>"; };
		6FA07DCB1767426E002F2AA3 /* SDWebImageRootViewController.h */ = {isa = PBXFileReference; fileEncoding = 4; lastKnownFileType = sourcecode.c.h; path = SDWebImageRootViewController.h; sourceTree = "<group>"; };
		6FA07DCC1767426E002F2AA3 /* SDWebImageRootViewController.m */ = {isa = PBXFileReference; fileEncoding = 4; lastKnownFileType = sourcecode.c.objc; path = SDWebImageRootViewController.m; sourceTree = "<group>"; };
		6FCEA6E7176A0B4300912D63 /* Image.h */ = {isa = PBXFileReference; fileEncoding = 4; lastKnownFileType = sourcecode.c.h; path = Image.h; sourceTree = "<group>"; };
		6FCEA6E8176A0B4300912D63 /* Image.m */ = {isa = PBXFileReference; fileEncoding = 4; lastKnownFileType = sourcecode.c.objc; path = Image.m; sourceTree = "<group>"; };
		6FCEA6EB176A104800912D63 /* AlbumsDataSource.h */ = {isa = PBXFileReference; fileEncoding = 4; lastKnownFileType = sourcecode.c.h; path = AlbumsDataSource.h; sourceTree = "<group>"; };
		6FCEA6EC176A104800912D63 /* AlbumsDataSource.m */ = {isa = PBXFileReference; fileEncoding = 4; lastKnownFileType = sourcecode.c.objc; path = AlbumsDataSource.m; sourceTree = "<group>"; };
		6FCEA6EE176A175B00912D63 /* Album.h */ = {isa = PBXFileReference; fileEncoding = 4; lastKnownFileType = sourcecode.c.h; path = Album.h; sourceTree = "<group>"; };
		6FCEA6EF176A175B00912D63 /* Album.m */ = {isa = PBXFileReference; fileEncoding = 4; lastKnownFileType = sourcecode.c.objc; path = Album.m; sourceTree = "<group>"; };
/* End PBXFileReference section */

/* Begin PBXFrameworksBuildPhase section */
		6F8B583517649677003E4CED /* Frameworks */ = {
			isa = PBXFrameworksBuildPhase;
			buildActionMask = 2147483647;
			files = (
				6F1B04FF1768AD75007A9C6D /* SystemConfiguration.framework in Frameworks */,
				6F8B583D17649677003E4CED /* UIKit.framework in Frameworks */,
				6F8B583F17649677003E4CED /* Foundation.framework in Frameworks */,
				6F8B584117649677003E4CED /* CoreGraphics.framework in Frameworks */,
			);
			runOnlyForDeploymentPostprocessing = 0;
		};
/* End PBXFrameworksBuildPhase section */

/* Begin PBXGroup section */
		6F1B04FC1768AD32007A9C6D /* Resources */ = {
			isa = PBXGroup;
			children = (
				6F1B04F01768AD20007A9C6D /* background.jpg */,
			);
			name = Resources;
			sourceTree = "<group>";
		};
		6F1B04FD1768AD43007A9C6D /* Util */ = {
			isa = PBXGroup;
			children = (
				6F1B04F31768AD20007A9C6D /* Reachability.h */,
				6F1B04F41768AD20007A9C6D /* Reachability.m */,
				6F1B04F51768AD20007A9C6D /* Utils.h */,
				6F1B04F61768AD20007A9C6D /* Utils.m */,
			);
			name = Util;
			sourceTree = "<group>";
		};
		6F7E187D176AF3EA00EC5ABB /* Web Services */ = {
			isa = PBXGroup;
			children = (
				6F7E187F176AF40500EC5ABB /* AlbumService.h */,
				6F7E1880176AF40500EC5ABB /* AlbumService.m */,
				6F7E1881176AF40500EC5ABB /* ImageService.h */,
				6F7E1882176AF40500EC5ABB /* ImageService.m */,
				6F7E1883176AF40500EC5ABB /* UserService.h */,
				6F7E1884176AF40500EC5ABB /* UserService.m */,
				6F7E1885176AF40500EC5ABB /* WebServiceManager.h */,
				6F7E1886176AF40500EC5ABB /* WebServiceManager.m */,
			);
			name = "Web Services";
			sourceTree = "<group>";
		};
		6F8B582D17649677003E4CED = {
			isa = PBXGroup;
			children = (
				6F8B584217649677003E4CED /* AsapPics */,
				6F8B583B17649677003E4CED /* Frameworks */,
				6F8B583917649677003E4CED /* Products */,
			);
			sourceTree = "<group>";
		};
		6F8B583917649677003E4CED /* Products */ = {
			isa = PBXGroup;
			children = (
				6F8B583817649677003E4CED /* AsapPics.app */,
			);
			name = Products;
			sourceTree = "<group>";
		};
		6F8B583B17649677003E4CED /* Frameworks */ = {
			isa = PBXGroup;
			children = (
				6F1B04FE1768AD75007A9C6D /* SystemConfiguration.framework */,
				6F8B583C17649677003E4CED /* UIKit.framework */,
				6F8B583E17649677003E4CED /* Foundation.framework */,
				6F8B584017649677003E4CED /* CoreGraphics.framework */,
			);
			name = Frameworks;
			sourceTree = "<group>";
		};
		6F8B584217649677003E4CED /* AsapPics */ = {
			isa = PBXGroup;
			children = (
				6F7E187D176AF3EA00EC5ABB /* Web Services */,
				6F9858E21769B4DA004CE135 /* Views */,
				6F9858E01769B4CC004CE135 /* Business */,
				6F1B04FD1768AD43007A9C6D /* Util */,
				6F1B04FC1768AD32007A9C6D /* Resources */,
				6F8B584317649677003E4CED /* Supporting Files */,
			);
			path = AsapPics;
			sourceTree = "<group>";
		};
		6F8B584317649677003E4CED /* Supporting Files */ = {
			isa = PBXGroup;
			children = (
				6F8B584417649677003E4CED /* AsapPics-Info.plist */,
				6F8B584517649677003E4CED /* InfoPlist.strings */,
				6F8B584817649677003E4CED /* main.m */,
				6F8B584A17649677003E4CED /* AsapPics-Prefix.pch */,
			);
			name = "Supporting Files";
			sourceTree = "<group>";
		};
		6F9858E01769B4CC004CE135 /* Business */ = {
			isa = PBXGroup;
			children = (
				6F9858E31769B507004CE135 /* User.h */,
				6F9858E41769B507004CE135 /* User.m */,
				6FCEA6E7176A0B4300912D63 /* Image.h */,
				6FCEA6E8176A0B4300912D63 /* Image.m */,
				6FCEA6EE176A175B00912D63 /* Album.h */,
				6FCEA6EF176A175B00912D63 /* Album.m */,
			);
			name = Business;
			sourceTree = "<group>";
		};
		6F9858E21769B4DA004CE135 /* Views */ = {
			isa = PBXGroup;
			children = (
				6FA07DB51767426E002F2AA3 /* SDWebImageSample */,
				6FA07D9E17674264002F2AA3 /* KTPhotoBrowser */,
				6F1B04F11768AD20007A9C6D /* Inscription.h */,
				6F1B04F21768AD20007A9C6D /* Inscription.m */,
				6F8B584B17649677003E4CED /* AppDelegate.h */,
				6F8B584C17649677003E4CED /* AppDelegate.m */,
				6F8B584E17649677003E4CED /* MainStoryboard.storyboard */,
				6F5048C31765BCA60099E2AF /* Welcome.h */,
				6F5048C41765BCA60099E2AF /* Welcome.m */,
				6F7A87101765F4970067C1F6 /* PhotoChooser.h */,
				6F7A87111765F4970067C1F6 /* PhotoChooser.m */,
			);
			name = Views;
			sourceTree = "<group>";
		};
		6FA07D9E17674264002F2AA3 /* KTPhotoBrowser */ = {
			isa = PBXGroup;
			children = (
				6FA07D9F17674264002F2AA3 /* KTPhotoBrowser.bundle */,
				6FA07DA017674264002F2AA3 /* KTPhotoBrowserDataSource.h */,
				6FA07DA117674264002F2AA3 /* KTPhotoBrowserGlobal.h */,
				6FA07DA217674264002F2AA3 /* KTPhotoBrowserGlobal.m */,
				6FA07DA317674264002F2AA3 /* KTPhotoScrollViewController.h */,
				6FA07DA417674264002F2AA3 /* KTPhotoScrollViewController.m */,
				6FA07DA517674264002F2AA3 /* KTPhotoView.h */,
				6FA07DA617674264002F2AA3 /* KTPhotoView.m */,
				6FA07DA717674264002F2AA3 /* KTThumbsView.h */,
				6FA07DA817674264002F2AA3 /* KTThumbsView.m */,
				6FA07DA917674264002F2AA3 /* KTThumbsViewController.h */,
				6FA07DAA17674264002F2AA3 /* KTThumbsViewController.m */,
				6FA07DAB17674264002F2AA3 /* KTThumbView.h */,
				6FA07DAC17674264002F2AA3 /* KTThumbView.m */,
			);
			path = KTPhotoBrowser;
			sourceTree = "<group>";
		};
		6FA07DB51767426E002F2AA3 /* SDWebImageSample */ = {
			isa = PBXGroup;
			children = (
				6FA07DB61767426E002F2AA3 /* KTPhotoView+SDWebImage.h */,
				6FA07DB71767426E002F2AA3 /* KTPhotoView+SDWebImage.m */,
				6FA07DB81767426E002F2AA3 /* KTThumbView+SDWebImage.h */,
				6FA07DB91767426E002F2AA3 /* KTThumbView+SDWebImage.m */,
				6FA07DBA1767426E002F2AA3 /* photoDefault.png */,
				6FA07DBB1767426E002F2AA3 /* SDWebImage */,
				6FA07DC91767426E002F2AA3 /* SDWebImageDataSource.h */,
				6FA07DCA1767426E002F2AA3 /* SDWebImageDataSource.m */,
				6FA07DCB1767426E002F2AA3 /* SDWebImageRootViewController.h */,
				6FA07DCC1767426E002F2AA3 /* SDWebImageRootViewController.m */,
				6F80D4D01768C68A00AC4121 /* AlbumsViewController.h */,
				6F80D4D11768C68A00AC4121 /* AlbumsViewController.m */,
				6FCEA6EB176A104800912D63 /* AlbumsDataSource.h */,
				6FCEA6EC176A104800912D63 /* AlbumsDataSource.m */,
			);
			path = SDWebImageSample;
			sourceTree = "<group>";
		};
		6FA07DBB1767426E002F2AA3 /* SDWebImage */ = {
			isa = PBXGroup;
			children = (
				6FA07DBC1767426E002F2AA3 /* LICENSE */,
				6FA07DBD1767426E002F2AA3 /* README.md */,
				6FA07DBE1767426E002F2AA3 /* SDImageCache.h */,
				6FA07DBF1767426E002F2AA3 /* SDImageCache.m */,
				6FA07DC01767426E002F2AA3 /* SDImageCacheDelegate.h */,
				6FA07DC11767426E002F2AA3 /* SDWebImageDownloader.h */,
				6FA07DC21767426E002F2AA3 /* SDWebImageDownloader.m */,
				6FA07DC31767426E002F2AA3 /* SDWebImageDownloaderDelegate.h */,
				6FA07DC41767426E002F2AA3 /* SDWebImageManager.h */,
				6FA07DC51767426E002F2AA3 /* SDWebImageManager.m */,
				6FA07DC61767426E002F2AA3 /* SDWebImageManagerDelegate.h */,
				6FA07DC71767426E002F2AA3 /* UIImageView+WebCache.h */,
				6FA07DC81767426E002F2AA3 /* UIImageView+WebCache.m */,
			);
			path = SDWebImage;
			sourceTree = "<group>";
		};
/* End PBXGroup section */

/* Begin PBXNativeTarget section */
		6F8B583717649677003E4CED /* AsapPics */ = {
			isa = PBXNativeTarget;
			buildConfigurationList = 6F8B585617649677003E4CED /* Build configuration list for PBXNativeTarget "AsapPics" */;
			buildPhases = (
				6F8B583417649677003E4CED /* Sources */,
				6F8B583517649677003E4CED /* Frameworks */,
				6F8B583617649677003E4CED /* Resources */,
			);
			buildRules = (
			);
			dependencies = (
			);
			name = AsapPics;
			productName = AsapPics;
			productReference = 6F8B583817649677003E4CED /* AsapPics.app */;
			productType = "com.apple.product-type.application";
		};
/* End PBXNativeTarget section */

/* Begin PBXProject section */
		6F8B582F17649677003E4CED /* Project object */ = {
			isa = PBXProject;
			attributes = {
				LastUpgradeCheck = 0420;
				ORGANIZATIONNAME = polytech;
			};
			buildConfigurationList = 6F8B583217649677003E4CED /* Build configuration list for PBXProject "AsapPics" */;
			compatibilityVersion = "Xcode 3.2";
			developmentRegion = English;
			hasScannedForEncodings = 0;
			knownRegions = (
				en,
			);
			mainGroup = 6F8B582D17649677003E4CED;
			productRefGroup = 6F8B583917649677003E4CED /* Products */;
			projectDirPath = "";
			projectRoot = "";
			targets = (
				6F8B583717649677003E4CED /* AsapPics */,
			);
		};
/* End PBXProject section */

/* Begin PBXResourcesBuildPhase section */
		6F8B583617649677003E4CED /* Resources */ = {
			isa = PBXResourcesBuildPhase;
			buildActionMask = 2147483647;
			files = (
				6F8B584717649677003E4CED /* InfoPlist.strings in Resources */,
				6F8B585017649677003E4CED /* MainStoryboard.storyboard in Resources */,
				6FA07DAD17674264002F2AA3 /* KTPhotoBrowser.bundle in Resources */,
				6FA07DCF1767426E002F2AA3 /* photoDefault.png in Resources */,
				6FA07DD01767426E002F2AA3 /* LICENSE in Resources */,
				6FA07DD11767426E002F2AA3 /* README.md in Resources */,
				6F1B04F71768AD20007A9C6D /* background.jpg in Resources */,
			);
			runOnlyForDeploymentPostprocessing = 0;
		};
/* End PBXResourcesBuildPhase section */

/* Begin PBXSourcesBuildPhase section */
		6F8B583417649677003E4CED /* Sources */ = {
			isa = PBXSourcesBuildPhase;
			buildActionMask = 2147483647;
			files = (
				6F8B584917649677003E4CED /* main.m in Sources */,
				6F8B584D17649677003E4CED /* AppDelegate.m in Sources */,
				6F5048C61765BCA60099E2AF /* Welcome.m in Sources */,
				6F7A87121765F4970067C1F6 /* PhotoChooser.m in Sources */,
				6FA07DAE17674264002F2AA3 /* KTPhotoBrowserGlobal.m in Sources */,
				6FA07DAF17674264002F2AA3 /* KTPhotoScrollViewController.m in Sources */,
				6FA07DB017674264002F2AA3 /* KTPhotoView.m in Sources */,
				6FA07DB117674264002F2AA3 /* KTThumbsView.m in Sources */,
				6FA07DB217674264002F2AA3 /* KTThumbsViewController.m in Sources */,
				6FA07DB317674264002F2AA3 /* KTThumbView.m in Sources */,
				6FA07DCD1767426E002F2AA3 /* KTPhotoView+SDWebImage.m in Sources */,
				6FA07DCE1767426E002F2AA3 /* KTThumbView+SDWebImage.m in Sources */,
				6FA07DD21767426E002F2AA3 /* SDImageCache.m in Sources */,
				6FA07DD31767426E002F2AA3 /* SDWebImageDownloader.m in Sources */,
				6FA07DD41767426E002F2AA3 /* SDWebImageManager.m in Sources */,
				6FA07DD51767426E002F2AA3 /* UIImageView+WebCache.m in Sources */,
				6FA07DD61767426E002F2AA3 /* SDWebImageDataSource.m in Sources */,
				6FA07DD71767426E002F2AA3 /* SDWebImageRootViewController.m in Sources */,
				6F1B04F81768AD20007A9C6D /* Inscription.m in Sources */,
				6F1B04F91768AD20007A9C6D /* Reachability.m in Sources */,
				6F1B04FA1768AD20007A9C6D /* Utils.m in Sources */,
				6F80D4D21768C68A00AC4121 /* AlbumsViewController.m in Sources */,
				6F9858E51769B507004CE135 /* User.m in Sources */,
				6FCEA6E9176A0B4300912D63 /* Image.m in Sources */,
				6FCEA6ED176A104900912D63 /* AlbumsDataSource.m in Sources */,
				6FCEA6F0176A175B00912D63 /* Album.m in Sources */,
				6F7E1887176AF40500EC5ABB /* AlbumService.m in Sources */,
				6F7E1888176AF40500EC5ABB /* ImageService.m in Sources */,
				6F7E1889176AF40500EC5ABB /* UserService.m in Sources */,
				6F7E188A176AF40500EC5ABB /* WebServiceManager.m in Sources */,
			);
			runOnlyForDeploymentPostprocessing = 0;
		};
/* End PBXSourcesBuildPhase section */

/* Begin PBXVariantGroup section */
		6F8B584517649677003E4CED /* InfoPlist.strings */ = {
			isa = PBXVariantGroup;
			children = (
				6F8B584617649677003E4CED /* en */,
			);
			name = InfoPlist.strings;
			sourceTree = "<group>";
		};
		6F8B584E17649677003E4CED /* MainStoryboard.storyboard */ = {
			isa = PBXVariantGroup;
			children = (
				6F8B584F17649677003E4CED /* en */,
			);
			name = MainStoryboard.storyboard;
			sourceTree = "<group>";
		};
/* End PBXVariantGroup section */

/* Begin XCBuildConfiguration section */
		6F8B585417649677003E4CED /* Debug */ = {
			isa = XCBuildConfiguration;
			buildSettings = {
				ALWAYS_SEARCH_USER_PATHS = NO;
				ARCHS = "$(ARCHS_STANDARD_32_BIT)";
				CLANG_ENABLE_OBJC_ARC = YES;
				"CODE_SIGN_IDENTITY[sdk=iphoneos*]" = "iPhone Developer";
				COPY_PHASE_STRIP = NO;
				GCC_C_LANGUAGE_STANDARD = gnu99;
				GCC_DYNAMIC_NO_PIC = NO;
				GCC_OPTIMIZATION_LEVEL = 0;
				GCC_PREPROCESSOR_DEFINITIONS = (
					"DEBUG=1",
					"$(inherited)",
				);
				GCC_SYMBOLS_PRIVATE_EXTERN = NO;
				GCC_VERSION = com.apple.compilers.llvm.clang.1_0;
				GCC_WARN_ABOUT_MISSING_PROTOTYPES = YES;
				GCC_WARN_ABOUT_RETURN_TYPE = YES;
				GCC_WARN_UNUSED_VARIABLE = YES;
				IPHONEOS_DEPLOYMENT_TARGET = 5.0;
				SDKROOT = iphoneos;
			};
			name = Debug;
		};
		6F8B585517649677003E4CED /* Release */ = {
			isa = XCBuildConfiguration;
			buildSettings = {
				ALWAYS_SEARCH_USER_PATHS = NO;
				ARCHS = "$(ARCHS_STANDARD_32_BIT)";
				CLANG_ENABLE_OBJC_ARC = YES;
				"CODE_SIGN_IDENTITY[sdk=iphoneos*]" = "iPhone Developer";
				COPY_PHASE_STRIP = YES;
				GCC_C_LANGUAGE_STANDARD = gnu99;
				GCC_VERSION = com.apple.compilers.llvm.clang.1_0;
				GCC_WARN_ABOUT_MISSING_PROTOTYPES = YES;
				GCC_WARN_ABOUT_RETURN_TYPE = YES;
				GCC_WARN_UNUSED_VARIABLE = YES;
				IPHONEOS_DEPLOYMENT_TARGET = 5.0;
				OTHER_CFLAGS = "-DNS_BLOCK_ASSERTIONS=1";
				SDKROOT = iphoneos;
				VALIDATE_PRODUCT = YES;
			};
			name = Release;
		};
		6F8B585717649677003E4CED /* Debug */ = {
			isa = XCBuildConfiguration;
			buildSettings = {
				CLANG_ENABLE_OBJC_ARC = NO;
				GCC_PRECOMPILE_PREFIX_HEADER = YES;
				GCC_PREFIX_HEADER = "AsapPics/AsapPics-Prefix.pch";
				INFOPLIST_FILE = "AsapPics/AsapPics-Info.plist";
				PRODUCT_NAME = "$(TARGET_NAME)";
				WRAPPER_EXTENSION = app;
			};
			name = Debug;
		};
		6F8B585817649677003E4CED /* Release */ = {
			isa = XCBuildConfiguration;
			buildSettings = {
				CLANG_ENABLE_OBJC_ARC = NO;
				GCC_PRECOMPILE_PREFIX_HEADER = YES;
				GCC_PREFIX_HEADER = "AsapPics/AsapPics-Prefix.pch";
				INFOPLIST_FILE = "AsapPics/AsapPics-Info.plist";
				PRODUCT_NAME = "$(TARGET_NAME)";
				WRAPPER_EXTENSION = app;
			};
			name = Release;
		};
/* End XCBuildConfiguration section */

/* Begin XCConfigurationList section */
		6F8B583217649677003E4CED /* Build configuration list for PBXProject "AsapPics" */ = {
			isa = XCConfigurationList;
			buildConfigurations = (
				6F8B585417649677003E4CED /* Debug */,
				6F8B585517649677003E4CED /* Release */,
			);
			defaultConfigurationIsVisible = 0;
			defaultConfigurationName = Release;
		};
		6F8B585617649677003E4CED /* Build configuration list for PBXNativeTarget "AsapPics" */ = {
			isa = XCConfigurationList;
			buildConfigurations = (
				6F8B585717649677003E4CED /* Debug */,
				6F8B585817649677003E4CED /* Release */,
			);
			defaultConfigurationIsVisible = 0;
			defaultConfigurationName = Release;
		};
/* End XCConfigurationList section */
	};
	rootObject = 6F8B582F17649677003E4CED /* Project object */;
}
